{
  "name": "nlmaps-googlemaps",
  "version": "2.1.0",
  "lockfileVersion": 1,
  "dependencies": {
    "acorn": {
      "version": "4.0.13",
      "resolved": "https://registry.npmjs.org/acorn/-/acorn-4.0.13.tgz",
      "integrity": "sha1-EFSVrlNh1pe9GVyCUZLhrX8lN4c=",
      "dev": true
    },
    "commander": {
      "version": "2.9.0",
      "resolved": "https://registry.npmjs.org/commander/-/commander-2.9.0.tgz",
      "integrity": "sha1-nJkJQXbhIkDLItbFFGCYQA/g99Q="
    },
    "google-maps": {
      "version": "3.2.1",
      "resolved": "https://registry.npmjs.org/google-maps/-/google-maps-3.2.1.tgz",
      "integrity": "sha1-wHWPKxdaSo0RDBq7H8TMOMEXbgY=",
      "dev": true
    },
    "graceful-readlink": {
      "version": "1.0.1",
      "resolved": "https://registry.npmjs.org/graceful-readlink/-/graceful-readlink-1.0.1.tgz",
      "integrity": "sha1-TK+tdrxi8C+gObL5Tpo906ORpyU="
    },
    "md5.js": {
      "version": "1.3.4",
      "resolved": "https://registry.npmjs.org/md5.js/-/md5.js-1.3.4.tgz",
      "integrity": "sha1-6b296UogpawYsENA/Fdk1bCdkB0=",
      "dev": true,
      "dependencies": {
        "hash-base": {
          "version": "3.0.4",
          "resolved": "https://registry.npmjs.org/hash-base/-/hash-base-3.0.4.tgz",
          "integrity": "sha1-X8hoaEfs1zSZQDMZprCj8/auSRg=",
          "dev": true
        },
        "inherits": {
          "version": "2.0.3",
          "resolved": "https://registry.npmjs.org/inherits/-/inherits-2.0.3.tgz",
          "integrity": "sha1-Yzwsg+PaQqUC9SRmAiSA9CCCYd4=",
          "dev": true
        },
        "safe-buffer": {
          "version": "5.1.1",
          "resolved": "https://registry.npmjs.org/safe-buffer/-/safe-buffer-5.1.1.tgz",
          "integrity": "sha512-kKvNJn6Mm93gAczWVJg7wH+wGYWNrDHdWvpUmHyEsgCtIwwo3bqPtV4tR5tuPaUhTOo/kvhVwd8XwwOllGYkbg==",
          "dev": true
        }
      }
    },
    "path-parse": {
      "version": "1.0.5",
      "resolved": "https://registry.npmjs.org/path-parse/-/path-parse-1.0.5.tgz",
      "integrity": "sha1-PBrfhx6pzWyUMbbqK9dKD/BVxME=",
      "dev": true
    },
    "randomfill": {
      "version": "1.0.3",
      "resolved": "https://registry.npmjs.org/randomfill/-/randomfill-1.0.3.tgz",
      "integrity": "sha512-YL6GrhrWoic0Eq8rXVbMptH7dAxCs0J+mh5Y0euNekPPYaxEmdVGim6GdoxoRzKW2yJoU8tueifS7mYxvcFDEQ==",
      "dev": true,
      "dependencies": {
        "randombytes": {
          "version": "2.0.5",
          "resolved": "https://registry.npmjs.org/randombytes/-/randombytes-2.0.5.tgz",
          "integrity": "sha512-8T7Zn1AhMsQ/HI1SjcCfT/t4ii3eAqco3yOcSzS4mozsOz69lHLsoMXmF9nZgnFanYscnSlUSgs8uZyKzpE6kg==",
          "dev": true
        },
        "safe-buffer": {
          "version": "5.1.1",
          "resolved": "https://registry.npmjs.org/safe-buffer/-/safe-buffer-5.1.1.tgz",
          "integrity": "sha512-kKvNJn6Mm93gAczWVJg7wH+wGYWNrDHdWvpUmHyEsgCtIwwo3bqPtV4tR5tuPaUhTOo/kvhVwd8XwwOllGYkbg==",
          "dev": true
        }
      }
    },
    "rollup-plugin-node-builtins": {
      "version": "2.1.2",
      "resolved": "https://registry.npmjs.org/rollup-plugin-node-builtins/-/rollup-plugin-node-builtins-2.1.2.tgz",
      "integrity": "sha1-JKH+1KQyV7a2Q3HYq8bOGrFFl+k=",
      "dev": true,
      "dependencies": {
        "abstract-leveldown": {
          "version": "0.12.4",
          "resolved": "https://registry.npmjs.org/abstract-leveldown/-/abstract-leveldown-0.12.4.tgz",
          "integrity": "sha1-KeGOYy5g5OIh1YECR4UqY9ey5BA=",
          "dev": true,
          "dependencies": {
            "xtend": {
              "version": "3.0.0",
              "resolved": "https://registry.npmjs.org/xtend/-/xtend-3.0.0.tgz",
              "integrity": "sha1-XM50B7r2Qsunvs2laBEcST9ZZlo=",
              "dev": true
            }
          }
        },
        "asn1.js": {
          "version": "4.9.2",
          "resolved": "https://registry.npmjs.org/asn1.js/-/asn1.js-4.9.2.tgz",
          "integrity": "sha512-b/OsSjvWEo8Pi8H0zsDd2P6Uqo2TK2pH8gNLSJtNLM2Db0v2QaAZ0pBQJXVjAn4gBuugeVDr7s63ZogpUIwWDg==",
          "dev": true
        },
        "bl": {
          "version": "0.8.2",
          "resolved": "https://registry.npmjs.org/bl/-/bl-0.8.2.tgz",
          "integrity": "sha1-yba8oI0bwuoA/Ir7Txpf0eHGbk4=",
          "dev": true,
          "dependencies": {
            "isarray": {
              "version": "0.0.1",
              "resolved": "https://registry.npmjs.org/isarray/-/isarray-0.0.1.tgz",
              "integrity": "sha1-ihis/Kmo9Bd+Cav8YDiTmwXR7t8=",
              "dev": true
            },
            "readable-stream": {
              "version": "1.0.34",
              "resolved": "https://registry.npmjs.org/readable-stream/-/readable-stream-1.0.34.tgz",
              "integrity": "sha1-Elgg40vIQtLyqq+v5MKRbuMsFXw=",
              "dev": true
            },
            "string_decoder": {
              "version": "0.10.31",
              "resolved": "https://registry.npmjs.org/string_decoder/-/string_decoder-0.10.31.tgz",
              "integrity": "sha1-YuIDvEF2bGwoyfyEMB2rHFMQ+pQ=",
              "dev": true
            }
          }
        },
        "bn.js": {
          "version": "4.11.8",
          "resolved": "https://registry.npmjs.org/bn.js/-/bn.js-4.11.8.tgz",
          "integrity": "sha512-ItfYfPLkWHUjckQCk8xC+LwxgK8NYcXywGigJgSwOP8Y2iyWT4f2vsZnoOXTTbo+o5yXmIUJ4gn5538SO5S3gA==",
          "dev": true
        },
        "brorand": {
          "version": "1.1.0",
          "resolved": "https://registry.npmjs.org/brorand/-/brorand-1.1.0.tgz",
          "integrity": "sha1-EsJe/kCkXjwyPrhnWgoM5XsiNx8=",
          "dev": true
        },
        "browserify-aes": {
          "version": "1.1.1",
          "resolved": "https://registry.npmjs.org/browserify-aes/-/browserify-aes-1.1.1.tgz",
          "integrity": "sha512-UGnTYAnB2a3YuYKIRy1/4FB2HdM866E0qC46JXvVTYKlBlZlnvfpSfY6OKfXZAkv70eJ2a1SqzpAo5CRhZGDFg==",
          "dev": true
        },
        "browserify-cipher": {
          "version": "1.0.0",
          "resolved": "https://registry.npmjs.org/browserify-cipher/-/browserify-cipher-1.0.0.tgz",
          "integrity": "sha1-mYgkSHS/XtTijalWZtzWasj8Njo=",
          "dev": true
        },
        "browserify-des": {
          "version": "1.0.0",
          "resolved": "https://registry.npmjs.org/browserify-des/-/browserify-des-1.0.0.tgz",
          "integrity": "sha1-2qJ3cXRwki7S/hhZQRihdUOXId0=",
          "dev": true
        },
        "browserify-fs": {
          "version": "1.0.0",
          "resolved": "https://registry.npmjs.org/browserify-fs/-/browserify-fs-1.0.0.tgz",
          "integrity": "sha1-8HWqinKdTRcW0GZiDjhvzBMRqW8=",
          "dev": true
        },
        "browserify-rsa": {
          "version": "4.0.1",
          "resolved": "https://registry.npmjs.org/browserify-rsa/-/browserify-rsa-4.0.1.tgz",
          "integrity": "sha1-IeCr+vbyApzy+vsTNWenAdQTVSQ=",
          "dev": true
        },
        "browserify-sign": {
          "version": "4.0.4",
          "resolved": "https://registry.npmjs.org/browserify-sign/-/browserify-sign-4.0.4.tgz",
          "integrity": "sha1-qk62jl17ZYuqa/alfmMMvXqT0pg=",
          "dev": true
        },
        "buffer-es6": {
          "version": "4.9.3",
          "resolved": "https://registry.npmjs.org/buffer-es6/-/buffer-es6-4.9.3.tgz",
          "integrity": "sha1-8mNHuC33b9N+GLy1KIxJcM/VxAQ=",
          "dev": true
        },
        "buffer-xor": {
          "version": "1.0.3",
          "resolved": "https://registry.npmjs.org/buffer-xor/-/buffer-xor-1.0.3.tgz",
          "integrity": "sha1-JuYe0UIvtw3ULm42cp7VHYVf6Nk=",
          "dev": true
        },
        "cipher-base": {
          "version": "1.0.4",
          "resolved": "https://registry.npmjs.org/cipher-base/-/cipher-base-1.0.4.tgz",
          "integrity": "sha512-Kkht5ye6ZGmwv40uUDZztayT2ThLQGfnj/T71N/XzeZeo3nf8foyW7zGTsPYkEya3m5f3cAypH+qe7YOrM1U2Q==",
          "dev": true
        },
        "clone": {
          "version": "0.1.19",
          "resolved": "https://registry.npmjs.org/clone/-/clone-0.1.19.tgz",
          "integrity": "sha1-YT+2hjmyaklKxTJT4Vsaa9iK2oU=",
          "dev": true
        },
        "concat-stream": {
          "version": "1.6.0",
          "resolved": "https://registry.npmjs.org/concat-stream/-/concat-stream-1.6.0.tgz",
          "integrity": "sha1-CqxmL9Ur54lk1VMvaUeE5wEQrPc=",
          "dev": true
        },
        "core-util-is": {
          "version": "1.0.2",
          "resolved": "https://registry.npmjs.org/core-util-is/-/core-util-is-1.0.2.tgz",
          "integrity": "sha1-tf1UIgqivFq1eqtxQMlAdUUDwac=",
          "dev": true
        },
        "create-ecdh": {
          "version": "4.0.0",
          "resolved": "https://registry.npmjs.org/create-ecdh/-/create-ecdh-4.0.0.tgz",
          "integrity": "sha1-iIxyNZbN92EvZJgjPuvXo1MBc30=",
          "dev": true
        },
        "create-hash": {
          "version": "1.1.3",
          "resolved": "https://registry.npmjs.org/create-hash/-/create-hash-1.1.3.tgz",
          "integrity": "sha1-YGBCrIuSYnUPSDyt2rD1gZFy2P0=",
          "dev": true
        },
        "create-hmac": {
          "version": "1.1.6",
          "resolved": "https://registry.npmjs.org/create-hmac/-/create-hmac-1.1.6.tgz",
          "integrity": "sha1-rLniIaThe9sHbpBlfEK5PjcmzwY=",
          "dev": true
        },
        "crypto-browserify": {
          "version": "3.12.0",
          "resolved": "https://registry.npmjs.org/crypto-browserify/-/crypto-browserify-3.12.0.tgz",
          "integrity": "sha512-fz4spIh+znjO2VjL+IdhEpRJ3YN6sMzITSBijk6FK2UvTqruSQW+/cCZTSNsMiZNvUeq0CqurF+dAbyiGOY6Wg==",
          "dev": true
        },
        "deferred-leveldown": {
          "version": "0.2.0",
          "resolved": "https://registry.npmjs.org/deferred-leveldown/-/deferred-leveldown-0.2.0.tgz",
          "integrity": "sha1-LO8fER4cV4cNi7uK8mUOWHzS9bQ=",
          "dev": true
        },
        "des.js": {
          "version": "1.0.0",
          "resolved": "https://registry.npmjs.org/des.js/-/des.js-1.0.0.tgz",
          "integrity": "sha1-wHTS4qpqipoH29YfmhXCzYPsjsw=",
          "dev": true
        },
        "diffie-hellman": {
          "version": "5.0.2",
          "resolved": "https://registry.npmjs.org/diffie-hellman/-/diffie-hellman-5.0.2.tgz",
          "integrity": "sha1-tYNXOScM/ias9jIJn97SoH8gnl4=",
          "dev": true
        },
        "elliptic": {
          "version": "6.4.0",
          "resolved": "https://registry.npmjs.org/elliptic/-/elliptic-6.4.0.tgz",
          "integrity": "sha1-ysmvh2LIWDYYcAPI3+GT5eLq5d8=",
          "dev": true
        },
        "errno": {
          "version": "0.1.6",
          "resolved": "https://registry.npmjs.org/errno/-/errno-0.1.6.tgz",
          "integrity": "sha512-IsORQDpaaSwcDP4ZZnHxgE85werpo34VYn1Ud3mq+eUsF593faR8oCZNXrROVkpFu2TsbrNhHin0aUrTsQ9vNw==",
          "dev": true
        },
        "evp_bytestokey": {
          "version": "1.0.3",
          "resolved": "https://registry.npmjs.org/evp_bytestokey/-/evp_bytestokey-1.0.3.tgz",
          "integrity": "sha512-/f2Go4TognH/KvCISP7OUsHn85hT9nUkxxA9BEWxFn+Oj9o8ZNLm/40hdlgSLyuOimsrTKLUMEorQexp/aPQeA==",
          "dev": true
        },
        "foreach": {
          "version": "2.0.5",
          "resolved": "https://registry.npmjs.org/foreach/-/foreach-2.0.5.tgz",
          "integrity": "sha1-C+4AUBiusmDQo6865ljdATbsG5k=",
          "dev": true
        },
        "fwd-stream": {
          "version": "1.0.4",
          "resolved": "https://registry.npmjs.org/fwd-stream/-/fwd-stream-1.0.4.tgz",
          "integrity": "sha1-7Sgcq+1G/uz5Ie4y3ExQs3KsfPo=",
          "dev": true,
          "dependencies": {
            "isarray": {
              "version": "0.0.1",
              "resolved": "https://registry.npmjs.org/isarray/-/isarray-0.0.1.tgz",
              "integrity": "sha1-ihis/Kmo9Bd+Cav8YDiTmwXR7t8=",
              "dev": true
            },
            "readable-stream": {
              "version": "1.0.34",
              "resolved": "https://registry.npmjs.org/readable-stream/-/readable-stream-1.0.34.tgz",
              "integrity": "sha1-Elgg40vIQtLyqq+v5MKRbuMsFXw=",
              "dev": true
            },
            "string_decoder": {
              "version": "0.10.31",
              "resolved": "https://registry.npmjs.org/string_decoder/-/string_decoder-0.10.31.tgz",
              "integrity": "sha1-YuIDvEF2bGwoyfyEMB2rHFMQ+pQ=",
              "dev": true
            }
          }
        },
        "hash-base": {
          "version": "2.0.2",
          "resolved": "https://registry.npmjs.org/hash-base/-/hash-base-2.0.2.tgz",
          "integrity": "sha1-ZuodhW206KVHDK32/OI65SRO8uE=",
          "dev": true
        },
        "hash.js": {
          "version": "1.1.3",
          "resolved": "https://registry.npmjs.org/hash.js/-/hash.js-1.1.3.tgz",
          "integrity": "sha512-/UETyP0W22QILqS+6HowevwhEFJ3MBJnwTf75Qob9Wz9t0DPuisL8kW8YZMK62dHAKE1c1p+gY1TtOLY+USEHA==",
          "dev": true
        },
        "hmac-drbg": {
          "version": "1.0.1",
          "resolved": "https://registry.npmjs.org/hmac-drbg/-/hmac-drbg-1.0.1.tgz",
          "integrity": "sha1-0nRXAQJabHdabFRXk+1QL8DGSaE=",
          "dev": true
        },
        "idb-wrapper": {
          "version": "1.7.2",
          "resolved": "https://registry.npmjs.org/idb-wrapper/-/idb-wrapper-1.7.2.tgz",
          "integrity": "sha512-zfNREywMuf0NzDo9mVsL0yegjsirJxHpKHvWcyRozIqQy89g0a3U+oBPOCN4cc0oCiOuYgZHimzaW/R46G1Mpg==",
          "dev": true
        },
        "indexof": {
          "version": "0.0.1",
          "resolved": "https://registry.npmjs.org/indexof/-/indexof-0.0.1.tgz",
          "integrity": "sha1-gtwzbSMrkGIXnQWrMpOmYFn9Q10=",
          "dev": true
        },
        "inherits": {
          "version": "2.0.3",
          "resolved": "https://registry.npmjs.org/inherits/-/inherits-2.0.3.tgz",
          "integrity": "sha1-Yzwsg+PaQqUC9SRmAiSA9CCCYd4=",
          "dev": true
        },
        "is": {
          "version": "0.2.7",
          "resolved": "https://registry.npmjs.org/is/-/is-0.2.7.tgz",
          "integrity": "sha1-OzSixI81mXLzUEKEkZOucmS2NWI=",
          "dev": true
        },
        "is-object": {
          "version": "0.1.2",
          "resolved": "https://registry.npmjs.org/is-object/-/is-object-0.1.2.tgz",
          "integrity": "sha1-AO+8CIFsM8/ErIJR0TLhDcZQmNc=",
          "dev": true
        },
        "isarray": {
          "version": "1.0.0",
          "resolved": "https://registry.npmjs.org/isarray/-/isarray-1.0.0.tgz",
          "integrity": "sha1-u5NdSFgsuhaMBoNJV6VKPgcSTxE=",
          "dev": true
        },
        "isbuffer": {
          "version": "0.0.0",
          "resolved": "https://registry.npmjs.org/isbuffer/-/isbuffer-0.0.0.tgz",
          "integrity": "sha1-OMFG2d9Si4v5sHAcPUPPEt8/w5s=",
          "dev": true
        },
        "level-blobs": {
          "version": "0.1.7",
          "resolved": "https://registry.npmjs.org/level-blobs/-/level-blobs-0.1.7.tgz",
          "integrity": "sha1-mrm5e7mfHtv594o0M+Ie1WOGva8=",
          "dev": true,
          "dependencies": {
            "isarray": {
              "version": "0.0.1",
              "resolved": "https://registry.npmjs.org/isarray/-/isarray-0.0.1.tgz",
              "integrity": "sha1-ihis/Kmo9Bd+Cav8YDiTmwXR7t8=",
              "dev": true
            },
            "readable-stream": {
              "version": "1.1.14",
              "resolved": "https://registry.npmjs.org/readable-stream/-/readable-stream-1.1.14.tgz",
              "integrity": "sha1-fPTFTvZI44EwhMY23SB54WbAgdk=",
              "dev": true
            },
            "string_decoder": {
              "version": "0.10.31",
              "resolved": "https://registry.npmjs.org/string_decoder/-/string_decoder-0.10.31.tgz",
              "integrity": "sha1-YuIDvEF2bGwoyfyEMB2rHFMQ+pQ=",
              "dev": true
            }
          }
        },
        "level-filesystem": {
          "version": "1.2.0",
          "resolved": "https://registry.npmjs.org/level-filesystem/-/level-filesystem-1.2.0.tgz",
          "integrity": "sha1-oArKmRnEpN+v3KaoEI0iWq3/Y7M=",
          "dev": true
        },
        "level-fix-range": {
          "version": "1.0.2",
          "resolved": "https://registry.npmjs.org/level-fix-range/-/level-fix-range-1.0.2.tgz",
          "integrity": "sha1-vxW5Fa422EcMgh6IPd95zRZCCCg=",
          "dev": true
        },
        "level-hooks": {
          "version": "4.5.0",
          "resolved": "https://registry.npmjs.org/level-hooks/-/level-hooks-4.5.0.tgz",
          "integrity": "sha1-G5rmGSKTDzMF0aYfxNg8gQLA3ZM=",
          "dev": true
        },
        "level-js": {
          "version": "2.2.4",
          "resolved": "https://registry.npmjs.org/level-js/-/level-js-2.2.4.tgz",
          "integrity": "sha1-vAVfQYBjXUSJtWHJSG+jcOjBFpc=",
          "dev": true,
          "dependencies": {
            "object-keys": {
              "version": "0.4.0",
              "resolved": "https://registry.npmjs.org/object-keys/-/object-keys-0.4.0.tgz",
              "integrity": "sha1-KKaq50KN0sOpLz2V8hM13SBOAzY=",
              "dev": true
            },
            "xtend": {
              "version": "2.1.2",
              "resolved": "https://registry.npmjs.org/xtend/-/xtend-2.1.2.tgz",
              "integrity": "sha1-bv7MKk2tjmlixJAbM3znuoe10os=",
              "dev": true
            }
          }
        },
        "level-peek": {
          "version": "1.0.6",
          "resolved": "https://registry.npmjs.org/level-peek/-/level-peek-1.0.6.tgz",
          "integrity": "sha1-vsUccqgu5GTTNkNMfIdsP8vM538=",
          "dev": true
        },
        "level-sublevel": {
          "version": "5.2.3",
          "resolved": "https://registry.npmjs.org/level-sublevel/-/level-sublevel-5.2.3.tgz",
          "integrity": "sha1-dEwSxy0ucr543eO5tc2E1iGRQTo=",
          "dev": true,
          "dependencies": {
            "level-fix-range": {
              "version": "2.0.0",
              "resolved": "https://registry.npmjs.org/level-fix-range/-/level-fix-range-2.0.0.tgz",
              "integrity": "sha1-xBfWIVlEIVGhnZojZ4aPFyTC1Ug=",
              "dev": true
            },
            "xtend": {
              "version": "2.0.6",
              "resolved": "https://registry.npmjs.org/xtend/-/xtend-2.0.6.tgz",
              "integrity": "sha1-XqZXptukRwacLlnFihE4ywxebO4=",
              "dev": true
            }
          }
        },
        "levelup": {
          "version": "0.18.6",
          "resolved": "https://registry.npmjs.org/levelup/-/levelup-0.18.6.tgz",
          "integrity": "sha1-5qAcsIlhbI7MApHCqb0/DETj5es=",
          "dev": true,
          "dependencies": {
            "isarray": {
              "version": "0.0.1",
              "resolved": "https://registry.npmjs.org/isarray/-/isarray-0.0.1.tgz",
              "integrity": "sha1-ihis/Kmo9Bd+Cav8YDiTmwXR7t8=",
              "dev": true
            },
            "prr": {
              "version": "0.0.0",
              "resolved": "https://registry.npmjs.org/prr/-/prr-0.0.0.tgz",
              "integrity": "sha1-GoS4WQgyVQFBGFPQCB7j+obikmo=",
              "dev": true
            },
            "readable-stream": {
              "version": "1.0.34",
              "resolved": "https://registry.npmjs.org/readable-stream/-/readable-stream-1.0.34.tgz",
              "integrity": "sha1-Elgg40vIQtLyqq+v5MKRbuMsFXw=",
              "dev": true
            },
            "string_decoder": {
              "version": "0.10.31",
              "resolved": "https://registry.npmjs.org/string_decoder/-/string_decoder-0.10.31.tgz",
              "integrity": "sha1-YuIDvEF2bGwoyfyEMB2rHFMQ+pQ=",
              "dev": true
            },
            "xtend": {
              "version": "3.0.0",
              "resolved": "https://registry.npmjs.org/xtend/-/xtend-3.0.0.tgz",
              "integrity": "sha1-XM50B7r2Qsunvs2laBEcST9ZZlo=",
              "dev": true
            }
          }
        },
        "ltgt": {
          "version": "2.2.0",
          "resolved": "https://registry.npmjs.org/ltgt/-/ltgt-2.2.0.tgz",
          "integrity": "sha1-tlul/LNJopkkyOMz98alVi8uSEI=",
          "dev": true
        },
        "miller-rabin": {
          "version": "4.0.1",
          "resolved": "https://registry.npmjs.org/miller-rabin/-/miller-rabin-4.0.1.tgz",
          "integrity": "sha512-115fLhvZVqWwHPbClyntxEVfVDfl9DLLTuJvq3g2O/Oxi8AiNouAHvDSzHS0viUJc+V5vm3eq91Xwqn9dp4jRA==",
          "dev": true
        },
        "minimalistic-assert": {
          "version": "1.0.0",
          "resolved": "https://registry.npmjs.org/minimalistic-assert/-/minimalistic-assert-1.0.0.tgz",
          "integrity": "sha1-cCvi3aazf0g2vLP121ZkG2Sh09M=",
          "dev": true
        },
        "minimalistic-crypto-utils": {
          "version": "1.0.1",
          "resolved": "https://registry.npmjs.org/minimalistic-crypto-utils/-/minimalistic-crypto-utils-1.0.1.tgz",
          "integrity": "sha1-9sAMHAsIIkblxNmd+4x8CDsrWCo=",
          "dev": true
        },
        "object-keys": {
          "version": "0.2.0",
          "resolved": "https://registry.npmjs.org/object-keys/-/object-keys-0.2.0.tgz",
          "integrity": "sha1-zd7AKZiwkb5CvxA1rjLknxy26mc=",
          "dev": true
        },
        "octal": {
          "version": "1.0.0",
          "resolved": "https://registry.npmjs.org/octal/-/octal-1.0.0.tgz",
          "integrity": "sha1-Y+cWKmjvvrniE1iNWOmJ0eXEUws=",
          "dev": true
        },
        "once": {
          "version": "1.4.0",
          "resolved": "https://registry.npmjs.org/once/-/once-1.4.0.tgz",
          "integrity": "sha1-WDsap3WWHUsROsF9nFC6753Xa9E=",
          "dev": true
        },
        "parse-asn1": {
          "version": "5.1.0",
          "resolved": "https://registry.npmjs.org/parse-asn1/-/parse-asn1-5.1.0.tgz",
          "integrity": "sha1-N8T5t+06tlx0gXtfJICTf7+XxxI=",
          "dev": true
        },
        "pbkdf2": {
          "version": "3.0.14",
          "resolved": "https://registry.npmjs.org/pbkdf2/-/pbkdf2-3.0.14.tgz",
          "integrity": "sha512-gjsZW9O34fm0R7PaLHRJmLLVfSoesxztjPjE9o6R+qtVJij90ltg1joIovN9GKrRW3t1PzhDDG3UMEMFfZ+1wA==",
          "dev": true
        },
        "process-es6": {
          "version": "0.11.6",
          "resolved": "https://registry.npmjs.org/process-es6/-/process-es6-0.11.6.tgz",
          "integrity": "sha1-xrs4n5qVH4K9TrFpYAEFvS/5x3g=",
          "dev": true
        },
        "process-nextick-args": {
          "version": "1.0.7",
          "resolved": "https://registry.npmjs.org/process-nextick-args/-/process-nextick-args-1.0.7.tgz",
          "integrity": "sha1-FQ4gt1ZZCtP5EJPyWk8q2L/zC6M=",
          "dev": true
        },
        "prr": {
          "version": "1.0.1",
          "resolved": "https://registry.npmjs.org/prr/-/prr-1.0.1.tgz",
          "integrity": "sha1-0/wRS6BplaRexok/SEzrHXj19HY=",
          "dev": true
        },
        "public-encrypt": {
          "version": "4.0.0",
          "resolved": "https://registry.npmjs.org/public-encrypt/-/public-encrypt-4.0.0.tgz",
          "integrity": "sha1-OfaZ86RlYN1eusvKaTyvfGXBjMY=",
          "dev": true
        },
        "randombytes": {
          "version": "2.0.5",
          "resolved": "https://registry.npmjs.org/randombytes/-/randombytes-2.0.5.tgz",
          "integrity": "sha512-8T7Zn1AhMsQ/HI1SjcCfT/t4ii3eAqco3yOcSzS4mozsOz69lHLsoMXmF9nZgnFanYscnSlUSgs8uZyKzpE6kg==",
          "dev": true
        },
        "readable-stream": {
          "version": "2.3.3",
          "resolved": "https://registry.npmjs.org/readable-stream/-/readable-stream-2.3.3.tgz",
          "integrity": "sha512-m+qzzcn7KUxEmd1gMbchF+Y2eIUbieUaxkWtptyHywrX0rE8QEYqPC07Vuy4Wm32/xE16NcdBctb8S0Xe/5IeQ==",
          "dev": true
        },
        "ripemd160": {
          "version": "2.0.1",
          "resolved": "https://registry.npmjs.org/ripemd160/-/ripemd160-2.0.1.tgz",
          "integrity": "sha1-D0WEKVxTo2KK9+bXmsohzlfRxuc=",
          "dev": true
        },
        "safe-buffer": {
          "version": "5.1.1",
          "resolved": "https://registry.npmjs.org/safe-buffer/-/safe-buffer-5.1.1.tgz",
          "integrity": "sha512-kKvNJn6Mm93gAczWVJg7wH+wGYWNrDHdWvpUmHyEsgCtIwwo3bqPtV4tR5tuPaUhTOo/kvhVwd8XwwOllGYkbg==",
          "dev": true
        },
        "semver": {
          "version": "2.3.2",
          "resolved": "https://registry.npmjs.org/semver/-/semver-2.3.2.tgz",
          "integrity": "sha1-uYSPJdbPNjMwc+ye+IVtQvEjPlI=",
          "dev": true
        },
        "sha.js": {
          "version": "2.4.9",
          "resolved": "https://registry.npmjs.org/sha.js/-/sha.js-2.4.9.tgz",
          "integrity": "sha512-G8zektVqbiPHrylgew9Zg1VRB1L/DtXNUVAM6q4QLy8NE3qtHlFXTf8VLL4k1Yl6c7NMjtZUTdXV+X44nFaT6A==",
          "dev": true
        },
        "string_decoder": {
          "version": "1.0.3",
          "resolved": "https://registry.npmjs.org/string_decoder/-/string_decoder-1.0.3.tgz",
          "integrity": "sha512-4AH6Z5fzNNBcH+6XDMfA/BTt87skxqJlO0lAh3Dker5zThcAxG6mKz+iGu308UKoPPQ8Dcqx/4JhujzltRa+hQ==",
          "dev": true
        },
        "string-range": {
          "version": "1.2.2",
          "resolved": "https://registry.npmjs.org/string-range/-/string-range-1.2.2.tgz",
          "integrity": "sha1-qJPtNH5yKZvIO++78qaSqNI51d0=",
          "dev": true
        },
        "typedarray": {
          "version": "0.0.6",
          "resolved": "https://registry.npmjs.org/typedarray/-/typedarray-0.0.6.tgz",
          "integrity": "sha1-hnrHTjhkGHsdPUfZlqeOxciDB3c=",
          "dev": true
        },
        "typedarray-to-buffer": {
          "version": "1.0.4",
          "resolved": "https://registry.npmjs.org/typedarray-to-buffer/-/typedarray-to-buffer-1.0.4.tgz",
          "integrity": "sha1-m7i6DoQfs/TPH+fCRenz+opf6Zw=",
          "dev": true
        },
        "util-deprecate": {
          "version": "1.0.2",
          "resolved": "https://registry.npmjs.org/util-deprecate/-/util-deprecate-1.0.2.tgz",
          "integrity": "sha1-RQ1Nyfpw3nMnYvvS1KKJgUGaDM8=",
          "dev": true
        },
        "wrappy": {
          "version": "1.0.2",
          "resolved": "https://registry.npmjs.org/wrappy/-/wrappy-1.0.2.tgz",
          "integrity": "sha1-tSQ9jz7BqjXxNkYFvA0QNuMKtp8=",
          "dev": true
        },
        "xtend": {
          "version": "2.2.0",
          "resolved": "https://registry.npmjs.org/xtend/-/xtend-2.2.0.tgz",
          "integrity": "sha1-7vax8ZjByN6vrYsXZaBNrUoBxak=",
          "dev": true
        }
      }
    },
    "rollup-plugin-node-globals": {
      "version": "1.1.0",
      "resolved": "https://registry.npmjs.org/rollup-plugin-node-globals/-/rollup-plugin-node-globals-1.1.0.tgz",
      "integrity": "sha1-fv2NYR0TJzeCnoBOn1H1CWKvRR8=",
      "dev": true,
      "dependencies": {
        "balanced-match": {
          "version": "1.0.0",
          "resolved": "https://registry.npmjs.org/balanced-match/-/balanced-match-1.0.0.tgz",
          "integrity": "sha1-ibTRmasr7kneFk6gK4nORi1xt2c=",
          "dev": true
        },
        "brace-expansion": {
          "version": "1.1.8",
          "resolved": "https://registry.npmjs.org/brace-expansion/-/brace-expansion-1.1.8.tgz",
          "integrity": "sha1-wHshHHyVLsH479Uad+8NHTmQopI=",
          "dev": true
        },
        "buffer-es6": {
          "version": "4.9.3",
          "resolved": "https://registry.npmjs.org/buffer-es6/-/buffer-es6-4.9.3.tgz",
          "integrity": "sha1-8mNHuC33b9N+GLy1KIxJcM/VxAQ=",
          "dev": true
        },
        "concat-map": {
          "version": "0.0.1",
          "resolved": "https://registry.npmjs.org/concat-map/-/concat-map-0.0.1.tgz",
          "integrity": "sha1-2Klr13/Wjfd5OnMDajug1UBdR3s=",
          "dev": true
        },
        "estree-walker": {
          "version": "0.2.1",
          "resolved": "https://registry.npmjs.org/estree-walker/-/estree-walker-0.2.1.tgz",
          "integrity": "sha1-va/oCVOD2EFNXcLs9MkXO225QS4=",
          "dev": true
        },
        "magic-string": {
          "version": "0.16.0",
          "resolved": "https://registry.npmjs.org/magic-string/-/magic-string-0.16.0.tgz",
          "integrity": "sha1-lw67DacZMwEoX7GqZQ85vdgetFo=",
          "dev": true
        },
        "minimatch": {
          "version": "3.0.4",
          "resolved": "https://registry.npmjs.org/minimatch/-/minimatch-3.0.4.tgz",
          "integrity": "sha512-yJHVQEhyqPLUTgt9B83PXu6W3rx4MvvHvSUvToogpwoGDOUQ+yDrR0HRot+yOCdCO7u4hX3pWft6kWBBcqh0UA==",
          "dev": true
        },
        "process-es6": {
          "version": "0.11.6",
          "resolved": "https://registry.npmjs.org/process-es6/-/process-es6-0.11.6.tgz",
          "integrity": "sha1-xrs4n5qVH4K9TrFpYAEFvS/5x3g=",
          "dev": true
        },
        "rollup-pluginutils": {
          "version": "1.5.2",
          "resolved": "https://registry.npmjs.org/rollup-pluginutils/-/rollup-pluginutils-1.5.2.tgz",
          "integrity": "sha1-HhVud4+UtyVb+hs9AXi+j1xVJAg=",
          "dev": true
        },
        "vlq": {
          "version": "0.2.3",
          "resolved": "https://registry.npmjs.org/vlq/-/vlq-0.2.3.tgz",
          "integrity": "sha512-DRibZL6DsNhIgYQ+wNdWDL2SL3bKPlVrRiBqV5yuMm++op8W4kGFtaQfCs4KEJn0wBZcHVHJ3eoywX8983k1ow==",
          "dev": true
        }
      }
    },
    "rollup-plugin-uglify-es": {
      "version": "0.0.1",
      "resolved": "https://registry.npmjs.org/rollup-plugin-uglify-es/-/rollup-plugin-uglify-es-0.0.1.tgz",
      "integrity": "sha1-5FZE8raFpZq9uTY0ByB6A6e1qbc="
    },
    "source-map": {
      "version": "0.5.7",
      "resolved": "https://registry.npmjs.org/source-map/-/source-map-0.5.7.tgz",
      "integrity": "sha1-igOdLRAh0i0eoUyA2OpGi6LvP8w="
    },
    "tape": {
      "version": "4.8.0",
      "resolved": "https://registry.npmjs.org/tape/-/tape-4.8.0.tgz",
      "integrity": "sha512-TWILfEnvO7I8mFe35d98F6T5fbLaEtbFTG/lxWvid8qDfFTxt19EBijWmB4j3+Hoh5TfHE2faWs73ua+EphuBA==",
      "dev": true,
      "dependencies": {
        "balanced-match": {
          "version": "1.0.0",
          "resolved": "https://registry.npmjs.org/balanced-match/-/balanced-match-1.0.0.tgz",
          "integrity": "sha1-ibTRmasr7kneFk6gK4nORi1xt2c=",
          "dev": true
        },
        "brace-expansion": {
          "version": "1.1.8",
          "resolved": "https://registry.npmjs.org/brace-expansion/-/brace-expansion-1.1.8.tgz",
          "integrity": "sha1-wHshHHyVLsH479Uad+8NHTmQopI=",
          "dev": true
        },
        "concat-map": {
          "version": "0.0.1",
          "resolved": "https://registry.npmjs.org/concat-map/-/concat-map-0.0.1.tgz",
          "integrity": "sha1-2Klr13/Wjfd5OnMDajug1UBdR3s=",
          "dev": true
        },
        "deep-equal": {
          "version": "1.0.1",
          "resolved": "https://registry.npmjs.org/deep-equal/-/deep-equal-1.0.1.tgz",
          "integrity": "sha1-9dJgKStmDghO/0zbyfCK0yR0SLU=",
          "dev": true
        },
        "define-properties": {
          "version": "1.1.2",
          "resolved": "https://registry.npmjs.org/define-properties/-/define-properties-1.1.2.tgz",
          "integrity": "sha1-g6c/L+pWmJj7c3GTyPhzyvbUXJQ=",
          "dev": true
        },
        "defined": {
          "version": "1.0.0",
          "resolved": "https://registry.npmjs.org/defined/-/defined-1.0.0.tgz",
          "integrity": "sha1-yY2bzvdWdBiOEQlpFRGZ45sfppM=",
          "dev": true
        },
        "es-abstract": {
          "version": "1.10.0",
          "resolved": "https://registry.npmjs.org/es-abstract/-/es-abstract-1.10.0.tgz",
          "integrity": "sha512-/uh/DhdqIOSkAWifU+8nG78vlQxdLckUdI/sPgy0VhuXi2qJ7T8czBmqIYtLQVpCIFYafChnsRsB5pyb1JdmCQ==",
          "dev": true
        },
        "es-to-primitive": {
          "version": "1.1.1",
          "resolved": "https://registry.npmjs.org/es-to-primitive/-/es-to-primitive-1.1.1.tgz",
          "integrity": "sha1-RTVSSKiJeQNLZ5Lhm7gfK3l13Q0=",
          "dev": true
        },
        "for-each": {
          "version": "0.3.2",
          "resolved": "https://registry.npmjs.org/for-each/-/for-each-0.3.2.tgz",
          "integrity": "sha1-LEBFC5NI6X8oEyJZO6lnBLmr1NQ=",
          "dev": true
        },
        "foreach": {
          "version": "2.0.5",
          "resolved": "https://registry.npmjs.org/foreach/-/foreach-2.0.5.tgz",
          "integrity": "sha1-C+4AUBiusmDQo6865ljdATbsG5k=",
          "dev": true
        },
        "fs.realpath": {
          "version": "1.0.0",
          "resolved": "https://registry.npmjs.org/fs.realpath/-/fs.realpath-1.0.0.tgz",
          "integrity": "sha1-FQStJSMVjKpA20onh8sBQRmU6k8=",
          "dev": true
        },
        "function-bind": {
          "version": "1.1.1",
          "resolved": "https://registry.npmjs.org/function-bind/-/function-bind-1.1.1.tgz",
          "integrity": "sha512-yIovAzMX49sF8Yl58fSCWJ5svSLuaibPxXQJFLmBObTuCr0Mf1KiPopGM9NiFjiYBCbfaa2Fh6breQ6ANVTI0A==",
          "dev": true
        },
        "glob": {
          "version": "7.1.2",
          "resolved": "https://registry.npmjs.org/glob/-/glob-7.1.2.tgz",
          "integrity": "sha512-MJTUg1kjuLeQCJ+ccE4Vpa6kKVXkPYJ2mOCQyUuKLcLQsdrMCpBPUi8qVE6+YuaJkozeA9NusTAw3hLr8Xe5EQ==",
          "dev": true
        },
        "has": {
          "version": "1.0.1",
          "resolved": "https://registry.npmjs.org/has/-/has-1.0.1.tgz",
          "integrity": "sha1-hGFzP1OLCDfJNh45qauelwTcLyg=",
          "dev": true
        },
        "inflight": {
          "version": "1.0.6",
          "resolved": "https://registry.npmjs.org/inflight/-/inflight-1.0.6.tgz",
          "integrity": "sha1-Sb1jMdfQLQwJvJEKEHW6gWW1bfk=",
          "dev": true
        },
        "inherits": {
          "version": "2.0.3",
          "resolved": "https://registry.npmjs.org/inherits/-/inherits-2.0.3.tgz",
          "integrity": "sha1-Yzwsg+PaQqUC9SRmAiSA9CCCYd4=",
          "dev": true
        },
        "is-callable": {
          "version": "1.1.3",
          "resolved": "https://registry.npmjs.org/is-callable/-/is-callable-1.1.3.tgz",
          "integrity": "sha1-hut1OSgF3cM69xySoO7fdO52BLI=",
          "dev": true
        },
        "is-date-object": {
          "version": "1.0.1",
          "resolved": "https://registry.npmjs.org/is-date-object/-/is-date-object-1.0.1.tgz",
          "integrity": "sha1-mqIOtq7rv/d/vTPnTKAbM1gdOhY=",
          "dev": true
        },
        "is-function": {
          "version": "1.0.1",
          "resolved": "https://registry.npmjs.org/is-function/-/is-function-1.0.1.tgz",
          "integrity": "sha1-Es+5i2W1fdPRk6MSH19uL0N2ArU=",
          "dev": true
        },
        "is-regex": {
          "version": "1.0.4",
          "resolved": "https://registry.npmjs.org/is-regex/-/is-regex-1.0.4.tgz",
          "integrity": "sha1-VRdIm1RwkbCTDglWVM7SXul+lJE=",
          "dev": true
        },
        "is-symbol": {
          "version": "1.0.1",
          "resolved": "https://registry.npmjs.org/is-symbol/-/is-symbol-1.0.1.tgz",
          "integrity": "sha1-PMWfAAJRlLarLjjbrmaJJWtmBXI=",
          "dev": true
        },
        "minimatch": {
          "version": "3.0.4",
          "resolved": "https://registry.npmjs.org/minimatch/-/minimatch-3.0.4.tgz",
          "integrity": "sha512-yJHVQEhyqPLUTgt9B83PXu6W3rx4MvvHvSUvToogpwoGDOUQ+yDrR0HRot+yOCdCO7u4hX3pWft6kWBBcqh0UA==",
          "dev": true
        },
        "minimist": {
          "version": "1.2.0",
          "resolved": "https://registry.npmjs.org/minimist/-/minimist-1.2.0.tgz",
          "integrity": "sha1-o1AIsg9BOD7sH7kU9M1d95omQoQ=",
          "dev": true
        },
        "object-inspect": {
          "version": "1.3.0",
          "resolved": "https://registry.npmjs.org/object-inspect/-/object-inspect-1.3.0.tgz",
          "integrity": "sha512-OHHnLgLNXpM++GnJRyyhbr2bwl3pPVm4YvaraHrRvDt/N3r+s/gDVHciA7EJBTkijKXj61ssgSAikq1fb0IBRg==",
          "dev": true
        },
        "object-keys": {
          "version": "1.0.11",
          "resolved": "https://registry.npmjs.org/object-keys/-/object-keys-1.0.11.tgz",
          "integrity": "sha1-xUYBd4rVYPEULODgG8yotW0TQm0=",
          "dev": true
        },
        "once": {
          "version": "1.4.0",
          "resolved": "https://registry.npmjs.org/once/-/once-1.4.0.tgz",
          "integrity": "sha1-WDsap3WWHUsROsF9nFC6753Xa9E=",
          "dev": true
        },
        "path-is-absolute": {
          "version": "1.0.1",
          "resolved": "https://registry.npmjs.org/path-is-absolute/-/path-is-absolute-1.0.1.tgz",
          "integrity": "sha1-F0uSaHNVNP+8es5r9TpanhtcX18=",
          "dev": true
        },
        "resolve": {
          "version": "1.4.0",
          "resolved": "https://registry.npmjs.org/resolve/-/resolve-1.4.0.tgz",
          "integrity": "sha512-aW7sVKPufyHqOmyyLzg/J+8606v5nevBgaliIlV7nUpVMsDnoBGV/cbSLNjZAg9q0Cfd/+easKVKQ8vOu8fn1Q==",
          "dev": true
        },
        "resumer": {
          "version": "0.0.0",
          "resolved": "https://registry.npmjs.org/resumer/-/resumer-0.0.0.tgz",
          "integrity": "sha1-8ej0YeQGS6Oegq883CqMiT0HZ1k=",
          "dev": true
        },
        "string.prototype.trim": {
          "version": "1.1.2",
          "resolved": "https://registry.npmjs.org/string.prototype.trim/-/string.prototype.trim-1.1.2.tgz",
          "integrity": "sha1-0E3iyJ4Tf019IG8Ia17S+ua+jOo=",
          "dev": true
        },
        "through": {
          "version": "2.3.8",
          "resolved": "https://registry.npmjs.org/through/-/through-2.3.8.tgz",
          "integrity": "sha1-DdTJ/6q8NXlgsbckEV1+Doai4fU=",
          "dev": true
        },
        "wrappy": {
          "version": "1.0.2",
          "resolved": "https://registry.npmjs.org/wrappy/-/wrappy-1.0.2.tgz",
          "integrity": "sha1-tSQ9jz7BqjXxNkYFvA0QNuMKtp8=",
          "dev": true
        }
      }
    },
    "uglify-es": {
      "version": "3.0.3",
      "resolved": "https://registry.npmjs.org/uglify-es/-/uglify-es-3.0.3.tgz",
      "integrity": "sha1-Y8yEqpRos0lzpIh3h8ZMAaiodXY="
    },
    "uglify-to-browserify": {
      "version": "1.0.2",
      "resolved": "https://registry.npmjs.org/uglify-to-browserify/-/uglify-to-browserify-1.0.2.tgz",
      "integrity": "sha1-bgkk1r2mta/jSeOabWMoUKD4grc=",
      "optional": true
    }
  }
}
